
Microsoft Visual Studio Solution File, Format Version 12.00
# Visual Studio 15
VisualStudioVersion = 15.0.27703.2042
MinimumVisualStudioVersion = 10.0.40219.1
Project("{FAE04EC0-301F-11D3-BF4B-00C04F79EFBC}") = "bkdr", "bkdr\bkdr.csproj", "{99C39F6F-3E56-4352-B395-F0A17E343E94}"
EndProject
Global
	GlobalSection(SolutionConfigurationPlatforms) = preSolution
		Debug|Any CPU = Debug|Any CPU
		Release|Any CPU = Release|Any CPU
	EndGlobalSection
	GlobalSection(ProjectConfigurationPlatforms) = postSolution
		{99C39F6F-3E56-4352-B395-F0A17E343E94}.Debug|Any CPU.ActiveCfg = Debug|Any CPU
		{99C39F6F-3E56-4352-B395-F0A17E343E94}.Debug|Any CPU.Build.0 = Debug|Any CPU
		{99C39F6F-3E56-4352-B395-F0A17E343E94}.Release|Any CPU.ActiveCfg = Release|Any CPU
		{99C39F6F-3E56-4352-B395-F0A17E343E94}.Release|Any CPU.Build.0 = Release|Any CPU
	EndGlobalSection
	GlobalSection(SolutionProperties) = preSolution
		HideSolutionNode = FALSE
	EndGlobalSection
	GlobalSection(ExtensibilityGlobals) = postSolution
		SolutionGuid = {56729BA5-6D36-4F91-957B-990C2882F4F8}
	EndGlobalSection
EndGlobal
